Microsoft Visual Studio Solution File, Format Version 12.00
# Visual Studio Version 17
VisualStudioVersion = 17.12.35514.174
MinimumVisualStudioVersion = 10.0.40219.1
Project("{FAE04EC0-301F-11D3-BF4B-00C04F79EFBC}") = "ArrayString", "ArrayString\ArrayString.csproj", "{70F78E07-0029-40A9-84D9-9BBC9E314A93}"
EndProject
Global
	GlobalSection(SolutionConfigurationPlatforms) = preSolution
		Debug|Any CPU = Debug|Any CPU
		Release|Any CPU = Release|Any CPU
	EndGlobalSection
	GlobalSection(ProjectConfigurationPlatforms) = postSolution
		{70F78E07-0029-40A9-84D9-9BBC9E314A93}.Debug|Any CPU.ActiveCfg = Debug|Any CPU
		{70F78E07-0029-40A9-84D9-9BBC9E314A93}.Debug|Any CPU.Build.0 = Debug|Any CPU
		{70F78E07-0029-40A9-84D9-9BBC9E314A93}.Release|Any CPU.ActiveCfg = Release|Any CPU
		{70F78E07-0029-40A9-84D9-9BBC9E314A93}.Release|Any CPU.Build.0 = Release|Any CPU
	EndGlobalSection
	GlobalSection(SolutionProperties) = preSolution
		HideSolutionNode = FALSE
	EndGlobalSection
	GlobalSection(ExtensibilityGlobals) = postSolution
		SolutionGuid = {76CD7C24-E8EF-4EA9-BFCF-B0F581E64B19}
	EndGlobalSection
EndGlobal