Microsoft Visual Studio Solution File, Format Version 12.00
# Visual Studio Version 17
VisualStudioVersion = 17.12.35514.174
MinimumVisualStudioVersion = 10.0.40219.1
Project("{FAE04EC0-301F-11D3-BF4B-00C04F79EFBC}") = "MetodosConstructores", "MetodosConstructores\MetodosConstructores.csproj", "{B86CA3FC-AB6D-4D59-AD57-7B2D3987DF9A}"
EndProject
Global
	GlobalSection(SolutionConfigurationPlatforms) = preSolution
		Debug|Any CPU = Debug|Any CPU
		Release|Any CPU = Release|Any CPU
	EndGlobalSection
	GlobalSection(ProjectConfigurationPlatforms) = postSolution
		{B86CA3FC-AB6D-4D59-AD57-7B2D3987DF9A}.Debug|Any CPU.ActiveCfg = Debug|Any CPU
		{B86CA3FC-AB6D-4D59-AD57-7B2D3987DF9A}.Debug|Any CPU.Build.0 = Debug|Any CPU
		{B86CA3FC-AB6D-4D59-AD57-7B2D3987DF9A}.Release|Any CPU.ActiveCfg = Release|Any CPU
		{B86CA3FC-AB6D-4D59-AD57-7B2D3987DF9A}.Release|Any CPU.Build.0 = Release|Any CPU
	EndGlobalSection
	GlobalSection(SolutionProperties) = preSolution
		HideSolutionNode = FALSE
	EndGlobalSection
	GlobalSection(ExtensibilityGlobals) = postSolution
		SolutionGuid = {294D10F3-59D8-457F-885F-EB0F503B0D21}
	EndGlobalSection
EndGlobal