Microsoft Visual Studio Solution File, Format Version 12.00
# Visual Studio Version 17
VisualStudioVersion = 17.11.35431.28
MinimumVisualStudioVersion = 10.0.40219.1
Project("{FAE04EC0-301F-11D3-BF4B-00C04F79EFBC}") = "EstructuraIf", "EstructuraIf\EstructuraIf.csproj", "{6B04A3FC-863A-4BAF-9639-80FE82BE5A44}"
EndProject
Global
	GlobalSection(SolutionConfigurationPlatforms) = preSolution
		Debug|Any CPU = Debug|Any CPU
		Release|Any CPU = Release|Any CPU
	EndGlobalSection
	GlobalSection(ProjectConfigurationPlatforms) = postSolution
		{6B04A3FC-863A-4BAF-9639-80FE82BE5A44}.Debug|Any CPU.ActiveCfg = Debug|Any CPU
		{6B04A3FC-863A-4BAF-9639-80FE82BE5A44}.Debug|Any CPU.Build.0 = Debug|Any CPU
		{6B04A3FC-863A-4BAF-9639-80FE82BE5A44}.Release|Any CPU.ActiveCfg = Release|Any CPU
		{6B04A3FC-863A-4BAF-9639-80FE82BE5A44}.Release|Any CPU.Build.0 = Release|Any CPU
	EndGlobalSection
	GlobalSection(SolutionProperties) = preSolution
		HideSolutionNode = FALSE
	EndGlobalSection
	GlobalSection(ExtensibilityGlobals) = postSolution
		SolutionGuid = {616C1D0D-6F81-49D6-BA0A-B5F013DD5D46}
	EndGlobalSection
EndGlobal