
Microsoft Visual Studio Solution File, Format Version 12.00
# Visual Studio Version 17
VisualStudioVersion = 17.11.35303.130
MinimumVisualStudioVersion = 10.0.40219.1
Project("{FAE04EC0-301F-11D3-BF4B-00C04F79EFBC}") = "ModificadorPublic", "ModificadorPublic\ModificadorPublic.csproj", "{4EB92E2F-32EF-4B6C-9E2B-2619762ADED0}"
EndProject
Global
	GlobalSection(SolutionConfigurationPlatforms) = preSolution
		Debug|Any CPU = Debug|Any CPU
		Release|Any CPU = Release|Any CPU
	EndGlobalSection
	GlobalSection(ProjectConfigurationPlatforms) = postSolution
		{4EB92E2F-32EF-4B6C-9E2B-2619762ADED0}.Debug|Any CPU.ActiveCfg = Debug|Any CPU
		{4EB92E2F-32EF-4B6C-9E2B-2619762ADED0}.Debug|Any CPU.Build.0 = Debug|Any CPU
		{4EB92E2F-32EF-4B6C-9E2B-2619762ADED0}.Release|Any CPU.ActiveCfg = Release|Any CPU
		{4EB92E2F-32EF-4B6C-9E2B-2619762ADED0}.Release|Any CPU.Build.0 = Release|Any CPU
	EndGlobalSection
	GlobalSection(SolutionProperties) = preSolution
		HideSolutionNode = FALSE
	EndGlobalSection
	GlobalSection(ExtensibilityGlobals) = postSolution
		SolutionGuid = {F4E41861-1D5E-4F1A-A4BF-4DE51742A5CF}
	EndGlobalSection
EndGlobal
