
Microsoft Visual Studio Solution File, Format Version 12.00
# Visual Studio Version 17
VisualStudioVersion = 17.11.35208.52
MinimumVisualStudioVersion = 10.0.40219.1
Project("{FAE04EC0-301F-11D3-BF4B-00C04F79EFBC}") = "OperadoresIgualdad", "OperadoresIgualdad\OperadoresIgualdad.csproj", "{4D0D3419-80BB-4C7E-8DDF-505F8F2002F1}"
EndProject
Global
	GlobalSection(SolutionConfigurationPlatforms) = preSolution
		Debug|Any CPU = Debug|Any CPU
		Release|Any CPU = Release|Any CPU
	EndGlobalSection
	GlobalSection(ProjectConfigurationPlatforms) = postSolution
		{4D0D3419-80BB-4C7E-8DDF-505F8F2002F1}.Debug|Any CPU.ActiveCfg = Debug|Any CPU
		{4D0D3419-80BB-4C7E-8DDF-505F8F2002F1}.Debug|Any CPU.Build.0 = Debug|Any CPU
		{4D0D3419-80BB-4C7E-8DDF-505F8F2002F1}.Release|Any CPU.ActiveCfg = Release|Any CPU
		{4D0D3419-80BB-4C7E-8DDF-505F8F2002F1}.Release|Any CPU.Build.0 = Release|Any CPU
	EndGlobalSection
	GlobalSection(SolutionProperties) = preSolution
		HideSolutionNode = FALSE
	EndGlobalSection
	GlobalSection(ExtensibilityGlobals) = postSolution
		SolutionGuid = {566E77C8-3237-430C-836B-06C94C592854}
	EndGlobalSection
EndGlobal
