Microsoft Visual Studio Solution File, Format Version 12.00
# Visual Studio Version 17
VisualStudioVersion = 17.11.35431.28
MinimumVisualStudioVersion = 10.0.40219.1
Project("{FAE04EC0-301F-11D3-BF4B-00C04F79EFBC}") = "MetodosEstaticos", "MetodosEstaticos\MetodosEstaticos.csproj", "{2F9091BC-27C0-48CE-A0C2-737CECB65E14}"
EndProject
Global
	GlobalSection(SolutionConfigurationPlatforms) = preSolution
		Debug|Any CPU = Debug|Any CPU
		Release|Any CPU = Release|Any CPU
	EndGlobalSection
	GlobalSection(ProjectConfigurationPlatforms) = postSolution
		{2F9091BC-27C0-48CE-A0C2-737CECB65E14}.Debug|Any CPU.ActiveCfg = Debug|Any CPU
		{2F9091BC-27C0-48CE-A0C2-737CECB65E14}.Debug|Any CPU.Build.0 = Debug|Any CPU
		{2F9091BC-27C0-48CE-A0C2-737CECB65E14}.Release|Any CPU.ActiveCfg = Release|Any CPU
		{2F9091BC-27C0-48CE-A0C2-737CECB65E14}.Release|Any CPU.Build.0 = Release|Any CPU
	EndGlobalSection
	GlobalSection(SolutionProperties) = preSolution
		HideSolutionNode = FALSE
	EndGlobalSection
	GlobalSection(ExtensibilityGlobals) = postSolution
		SolutionGuid = {123CE348-5094-4F35-A146-C92BDB95E0E0}
	EndGlobalSection
EndGlobal